# This file was autogenerated by Stack.
# You should not edit this file by hand.
# For more information, please see the documentation at:
#   https://docs.haskellstack.org/en/stable/lock_files

packages:
- completed:
    hackage: futhark-data-1.0.3.0@sha256:13f6d511793e89c137f08fde15dd8a0ec5d462bfb74df57b5586adeb91526b97,2368
    pantry-tree:
      size: 479
      sha256: a6459c339e6b5d396ecae232df0c83a99806064a9ac2b988648e87dc7fa0cb5a
  original:
    hackage: futhark-data-1.0.3.0
- completed:
    hackage: futhark-server-1.1.2.1@sha256:17aac56e1f4ac64e3c7ba1966ed16c196791110a1c94cf4c435b5240d9bfcc3f,1357
    pantry-tree:
      size: 295
      sha256: c2235e13a2340694f1ff37bdeaa51a8eaae6cb2dfe7606555dc4ab8ce842f7be
  original:
    hackage: futhark-server-1.1.2.1
- completed:
    hackage: futhark-manifest-1.0.0.0@sha256:d38398022482d4411fcef39b98dc56ae938fc1d1171cbc7bfc79399814f45f25,1789
    pantry-tree:
      size: 284
      sha256: 6812e1031fc1969116dd806f3d7e3c1e6d9b4f0f1300757cbf30c22eb620a29e
  original:
    hackage: futhark-manifest-1.0.0.0
- completed:
    hackage: aeson-2.0.1.0@sha256:8d6ca9d71a52c2148c7156cde09dc514ef192a41dce21e9bd32487e64a5b30f6,6245
    pantry-tree:
      size: 37910
      sha256: 4c19385d42f07cd8a3b9b9540b3778cece89bdb7c8d89a08a82041dd9c249154
  original:
    hackage: aeson-2.0.1.0
snapshots:
- completed:
    size: 621061
    url: https://raw.githubusercontent.com/commercialhaskell/stackage-snapshots/master/nightly/2022/1/14.yaml
    sha256: ccdaaea68d7dbda3683e1590feea13c27187cd8fb4bd23a580de7f94666802be
  original: nightly-2022-01-14
